// !$*UTF8*$!
{
	archiveVersion = 1;
	classes = {
	};
	objectVersion = 51;
	objects = {

/* Begin PBXBuildFile section */
		105EF87B2578AD9B00980CF8 /* AgreementViewController.swift in Sources */ = {isa = PBXBuildFile; fileRef = 105EF87A2578AD9B00980CF8 /* AgreementViewController.swift */; };
		10EB2873255EE32000E52AFC /* MainInfoCell.swift in Sources */ = {isa = PBXBuildFile; fileRef = 10EB2871255EE32000E52AFC /* MainInfoCell.swift */; };
		10EB2874255EE32000E52AFC /* MainInfoCell.xib in Resources */ = {isa = PBXBuildFile; fileRef = 10EB2872255EE32000E52AFC /* MainInfoCell.xib */; };
		10EB28792561604800E52AFC /* FirstCell.swift in Sources */ = {isa = PBXBuildFile; fileRef = 10EB28772561604800E52AFC /* FirstCell.swift */; };
		10EB287A2561604800E52AFC /* FirstCell.xib in Resources */ = {isa = PBXBuildFile; fileRef = 10EB28782561604800E52AFC /* FirstCell.xib */; };
		CCA19024C0007AA28DA3BDDA /* Pods_Flower_Wheel.framework in Frameworks */ = {isa = PBXBuildFile; fileRef = A36866A06913BE8BB3E5E54D /* Pods_Flower_Wheel.framework */; };
		EB50BB9C24D0346800739909 /* BackgroundCell.swift in Sources */ = {isa = PBXBuildFile; fileRef = EB50BB9A24D0346800739909 /* BackgroundCell.swift */; };
		EB50BB9D24D0346800739909 /* BackgroundCell.xib in Resources */ = {isa = PBXBuildFile; fileRef = EB50BB9B24D0346800739909 /* BackgroundCell.xib */; };
		EB50BB9F24D530B500739909 /* Extensions.swift in Sources */ = {isa = PBXBuildFile; fileRef = EB50BB9E24D530B500739909 /* Extensions.swift */; };
		EB50BBA224D54EB500739909 /* DataModel.swift in Sources */ = {isa = PBXBuildFile; fileRef = EB50BBA124D54EB500739909 /* DataModel.swift */; };
		EB50BBA524D8067C00739909 /* AddImage.swift in Sources */ = {isa = PBXBuildFile; fileRef = EB50BBA324D8067C00739909 /* AddImage.swift */; };
		EB50BBA624D8067C00739909 /* AddImage.xib in Resources */ = {isa = PBXBuildFile; fileRef = EB50BBA424D8067C00739909 /* AddImage.xib */; };
		EB5E1E9F24BD8C85008C77C2 /* AppDelegate.swift in Sources */ = {isa = PBXBuildFile; fileRef = EB5E1E9E24BD8C85008C77C2 /* AppDelegate.swift */; };
		EB5E1EA124BD8C85008C77C2 /* SceneDelegate.swift in Sources */ = {isa = PBXBuildFile; fileRef = EB5E1EA024BD8C85008C77C2 /* SceneDelegate.swift */; };
		EB5E1EA324BD8C85008C77C2 /* MainViewController.swift in Sources */ = {isa = PBXBuildFile; fileRef = EB5E1EA224BD8C85008C77C2 /* MainViewController.swift */; };
		EB5E1EA624BD8C85008C77C2 /* Main.storyboard in Resources */ = {isa = PBXBuildFile; fileRef = EB5E1EA424BD8C85008C77C2 /* Main.storyboard */; };
		EB5E1EA824BD8C8D008C77C2 /* Assets.xcassets in Resources */ = {isa = PBXBuildFile; fileRef = EB5E1EA724BD8C8D008C77C2 /* Assets.xcassets */; };
		EB5E1EAB24BD8C8D008C77C2 /* LaunchScreen.storyboard in Resources */ = {isa = PBXBuildFile; fileRef = EB5E1EA924BD8C8D008C77C2 /* LaunchScreen.storyboard */; };
		EB5E1EBC24BEDD2D008C77C2 /* ColorWheelViewController.swift in Sources */ = {isa = PBXBuildFile; fileRef = EB5E1EBB24BEDD2D008C77C2 /* ColorWheelViewController.swift */; };
		EB5E1EC024C1C650008C77C2 /* AdvertisementViewController.swift in Sources */ = {isa = PBXBuildFile; fileRef = EB5E1EBF24C1C650008C77C2 /* AdvertisementViewController.swift */; };
		EB5EDB3324C316A1000A4419 /* BouquetsViewController.swift in Sources */ = {isa = PBXBuildFile; fileRef = EB5EDB3224C316A1000A4419 /* BouquetsViewController.swift */; };
		EB617B04255BFB4400007009 /* NewInfoViewController.swift in Sources */ = {isa = PBXBuildFile; fileRef = EB617B03255BFB4400007009 /* NewInfoViewController.swift */; };
		EB710E5724DBB2720061E7BC /* InfoViewController.swift in Sources */ = {isa = PBXBuildFile; fileRef = EB710E5624DBB2720061E7BC /* InfoViewController.swift */; };
		EB710E5924DFBEFA0061E7BC /* ShowcaseViewController.swift in Sources */ = {isa = PBXBuildFile; fileRef = EB710E5824DFBEFA0061E7BC /* ShowcaseViewController.swift */; };
		EBB52E56254BAEAE00E41D2F /* StoreKit.framework in Frameworks */ = {isa = PBXBuildFile; fileRef = EBB52E55254BAEAE00E41D2F /* StoreKit.framework */; };
/* End PBXBuildFile section */

/* Begin PBXFileReference section */
		105EF87A2578AD9B00980CF8 /* AgreementViewController.swift */ = {isa = PBXFileReference; lastKnownFileType = sourcecode.swift; path = AgreementViewController.swift; sourceTree = "<group>"; };
		10EB2871255EE32000E52AFC /* MainInfoCell.swift */ = {isa = PBXFileReference; lastKnownFileType = sourcecode.swift; path = MainInfoCell.swift; sourceTree = "<group>"; };
		10EB2872255EE32000E52AFC /* MainInfoCell.xib */ = {isa = PBXFileReference; lastKnownFileType = file.xib; path = MainInfoCell.xib; sourceTree = "<group>"; };
		10EB28772561604800E52AFC /* FirstCell.swift */ = {isa = PBXFileReference; lastKnownFileType = sourcecode.swift; path = FirstCell.swift; sourceTree = "<group>"; };
		10EB28782561604800E52AFC /* FirstCell.xib */ = {isa = PBXFileReference; lastKnownFileType = file.xib; path = FirstCell.xib; sourceTree = "<group>"; };
		10F14BA6257B8825002E3268 /* Configuration.storekit */ = {isa = PBXFileReference; lastKnownFileType = text; path = Configuration.storekit; sourceTree = "<group>"; };
		25061C7EF0C412C3373CFB48 /* Pods-Flower Wheel.release.xcconfig */ = {isa = PBXFileReference; includeInIndex = 1; lastKnownFileType = text.xcconfig; name = "Pods-Flower Wheel.release.xcconfig"; path = "Target Support Files/Pods-Flower Wheel/Pods-Flower Wheel.release.xcconfig"; sourceTree = "<group>"; };
		79463AD946FFFF7CCC1D20DC /* Pods-Flower Wheel.debug.xcconfig */ = {isa = PBXFileReference; includeInIndex = 1; lastKnownFileType = text.xcconfig; name = "Pods-Flower Wheel.debug.xcconfig"; path = "Target Support Files/Pods-Flower Wheel/Pods-Flower Wheel.debug.xcconfig"; sourceTree = "<group>"; };
		A36866A06913BE8BB3E5E54D /* Pods_Flower_Wheel.framework */ = {isa = PBXFileReference; explicitFileType = wrapper.framework; includeInIndex = 0; path = Pods_Flower_Wheel.framework; sourceTree = BUILT_PRODUCTS_DIR; };
		EB50BB9A24D0346800739909 /* BackgroundCell.swift */ = {isa = PBXFileReference; lastKnownFileType = sourcecode.swift; path = BackgroundCell.swift; sourceTree = "<group>"; };
		EB50BB9B24D0346800739909 /* BackgroundCell.xib */ = {isa = PBXFileReference; lastKnownFileType = file.xib; path = BackgroundCell.xib; sourceTree = "<group>"; };
		EB50BB9E24D530B500739909 /* Extensions.swift */ = {isa = PBXFileReference; lastKnownFileType = sourcecode.swift; path = Extensions.swift; sourceTree = "<group>"; };
		EB50BBA124D54EB500739909 /* DataModel.swift */ = {isa = PBXFileReference; lastKnownFileType = sourcecode.swift; path = DataModel.swift; sourceTree = "<group>"; };
		EB50BBA324D8067C00739909 /* AddImage.swift */ = {isa = PBXFileReference; lastKnownFileType = sourcecode.swift; path = AddImage.swift; sourceTree = "<group>"; };
		EB50BBA424D8067C00739909 /* AddImage.xib */ = {isa = PBXFileReference; lastKnownFileType = file.xib; path = AddImage.xib; sourceTree = "<group>"; };
		EB5E1E9B24BD8C85008C77C2 /* Flower Wheel.app */ = {isa = PBXFileReference; explicitFileType = wrapper.application; includeInIndex = 0; path = "Flower Wheel.app"; sourceTree = BUILT_PRODUCTS_DIR; };
		EB5E1E9E24BD8C85008C77C2 /* AppDelegate.swift */ = {isa = PBXFileReference; lastKnownFileType = sourcecode.swift; path = AppDelegate.swift; sourceTree = "<group>"; };
		EB5E1EA024BD8C85008C77C2 /* SceneDelegate.swift */ = {isa = PBXFileReference; lastKnownFileType = sourcecode.swift; path = SceneDelegate.swift; sourceTree = "<group>"; };
		EB5E1EA224BD8C85008C77C2 /* MainViewController.swift */ = {isa = PBXFileReference; lastKnownFileType = sourcecode.swift; path = MainViewController.swift; sourceTree = "<group>"; };
		EB5E1EA524BD8C85008C77C2 /* Base */ = {isa = PBXFileReference; lastKnownFileType = file.storyboard; name = Base; path = Base.lproj/Main.storyboard; sourceTree = "<group>"; };
		EB5E1EA724BD8C8D008C77C2 /* Assets.xcassets */ = {isa = PBXFileReference; lastKnownFileType = folder.assetcatalog; path = Assets.xcassets; sourceTree = "<group>"; };
		EB5E1EAA24BD8C8D008C77C2 /* Base */ = {isa = PBXFileReference; lastKnownFileType = file.storyboard; name = Base; path = Base.lproj/LaunchScreen.storyboard; sourceTree = "<group>"; };
		EB5E1EAC24BD8C8D008C77C2 /* Info.plist */ = {isa = PBXFileReference; lastKnownFileType = text.plist.xml; path = Info.plist; sourceTree = "<group>"; };
		EB5E1EB724BDC8B3008C77C2 /* Montserrat.ttf */ = {isa = PBXFileReference; lastKnownFileType = file; path = Montserrat.ttf; sourceTree = "<group>"; };
		EB5E1EBB24BEDD2D008C77C2 /* ColorWheelViewController.swift */ = {isa = PBXFileReference; lastKnownFileType = sourcecode.swift; path = ColorWheelViewController.swift; sourceTree = "<group>"; };
		EB5E1EBF24C1C650008C77C2 /* AdvertisementViewController.swift */ = {isa = PBXFileReference; lastKnownFileType = sourcecode.swift; path = AdvertisementViewController.swift; sourceTree = "<group>"; };
		EB5EDB3224C316A1000A4419 /* BouquetsViewController.swift */ = {isa = PBXFileReference; lastKnownFileType = sourcecode.swift; path = BouquetsViewController.swift; sourceTree = "<group>"; };
		EB617B03255BFB4400007009 /* NewInfoViewController.swift */ = {isa = PBXFileReference; lastKnownFileType = sourcecode.swift; path = NewInfoViewController.swift; sourceTree = "<group>"; };
		EB710E5624DBB2720061E7BC /* InfoViewController.swift */ = {isa = PBXFileReference; lastKnownFileType = sourcecode.swift; path = InfoViewController.swift; sourceTree = "<group>"; };
		EB710E5824DFBEFA0061E7BC /* ShowcaseViewController.swift */ = {isa = PBXFileReference; lastKnownFileType = sourcecode.swift; path = ShowcaseViewController.swift; sourceTree = "<group>"; };
		EBB52E55254BAEAE00E41D2F /* StoreKit.framework */ = {isa = PBXFileReference; lastKnownFileType = wrapper.framework; name = StoreKit.framework; path = System/Library/Frameworks/StoreKit.framework; sourceTree = SDKROOT; };
/* End PBXFileReference section */

/* Begin PBXFrameworksBuildPhase section */
		EB5E1E9824BD8C85008C77C2 /* Frameworks */ = {
			isa = PBXFrameworksBuildPhase;
			buildActionMask = 2147483647;
			files = (
				CCA19024C0007AA28DA3BDDA /* Pods_Flower_Wheel.framework in Frameworks */,
				EBB52E56254BAEAE00E41D2F /* StoreKit.framework in Frameworks */,
			);
			runOnlyForDeploymentPostprocessing = 0;
		};
/* End PBXFrameworksBuildPhase section */

/* Begin PBXGroup section */
		10EB2870255EE2DA00E52AFC /* InfoCells */ = {
			isa = PBXGroup;
			children = (
				10EB2871255EE32000E52AFC /* MainInfoCell.swift */,
				10EB2872255EE32000E52AFC /* MainInfoCell.xib */,
				10EB28772561604800E52AFC /* FirstCell.swift */,
				10EB28782561604800E52AFC /* FirstCell.xib */,
			);
			path = InfoCells;
			sourceTree = "<group>";
		};
		9E0B9A698AD40428957177AD /* Frameworks */ = {
			isa = PBXGroup;
			children = (
				EBB52E55254BAEAE00E41D2F /* StoreKit.framework */,
				A36866A06913BE8BB3E5E54D /* Pods_Flower_Wheel.framework */,
			);
			name = Frameworks;
			sourceTree = "<group>";
		};
		B8CA5D6B79B19C205AF70321 /* Pods */ = {
			isa = PBXGroup;
			children = (
				79463AD946FFFF7CCC1D20DC /* Pods-Flower Wheel.debug.xcconfig */,
				25061C7EF0C412C3373CFB48 /* Pods-Flower Wheel.release.xcconfig */,
			);
			path = Pods;
			sourceTree = "<group>";
		};
		EB50BB9924D0343D00739909 /* Cells */ = {
			isa = PBXGroup;
			children = (
				EB50BB9A24D0346800739909 /* BackgroundCell.swift */,
				EB50BB9B24D0346800739909 /* BackgroundCell.xib */,
				EB50BBA324D8067C00739909 /* AddImage.swift */,
				EB50BBA424D8067C00739909 /* AddImage.xib */,
			);
			path = Cells;
			sourceTree = "<group>";
		};
		EB50BBA024D54E9500739909 /* Model */ = {
			isa = PBXGroup;
			children = (
				EB50BBA124D54EB500739909 /* DataModel.swift */,
			);
			path = Model;
			sourceTree = "<group>";
		};
		EB5E1E9224BD8C85008C77C2 = {
			isa = PBXGroup;
			children = (
				EB5E1E9D24BD8C85008C77C2 /* Flower Wheel */,
				EB5E1E9C24BD8C85008C77C2 /* Products */,
				B8CA5D6B79B19C205AF70321 /* Pods */,
				9E0B9A698AD40428957177AD /* Frameworks */,
			);
			sourceTree = "<group>";
		};
		EB5E1E9C24BD8C85008C77C2 /* Products */ = {
			isa = PBXGroup;
			children = (
				EB5E1E9B24BD8C85008C77C2 /* Flower Wheel.app */,
			);
			name = Products;
			sourceTree = "<group>";
		};
		EB5E1E9D24BD8C85008C77C2 /* Flower Wheel */ = {
			isa = PBXGroup;
			children = (
				10EB2870255EE2DA00E52AFC /* InfoCells */,
				EB50BBA024D54E9500739909 /* Model */,
				EB50BB9924D0343D00739909 /* Cells */,
				EB5E1EBA24BEDCF4008C77C2 /* View Controllers */,
				EB5E1EB224BDB692008C77C2 /* Service */,
				EB5E1E9E24BD8C85008C77C2 /* AppDelegate.swift */,
				EB5E1EA024BD8C85008C77C2 /* SceneDelegate.swift */,
				EB5E1EA424BD8C85008C77C2 /* Main.storyboard */,
				EB5E1EA724BD8C8D008C77C2 /* Assets.xcassets */,
				EB5E1EA924BD8C8D008C77C2 /* LaunchScreen.storyboard */,
				EB5E1EAC24BD8C8D008C77C2 /* Info.plist */,
			);
			path = "Flower Wheel";
			sourceTree = "<group>";
		};
		EB5E1EB224BDB692008C77C2 /* Service */ = {
			isa = PBXGroup;
			children = (
				EB5E1EB524BDC8A4008C77C2 /* Fonts */,
				EB50BB9E24D530B500739909 /* Extensions.swift */,
				10F14BA6257B8825002E3268 /* Configuration.storekit */,
			);
			path = Service;
			sourceTree = "<group>";
		};
		EB5E1EB524BDC8A4008C77C2 /* Fonts */ = {
			isa = PBXGroup;
			children = (
				EB5E1EB724BDC8B3008C77C2 /* Montserrat.ttf */,
			);
			path = Fonts;
			sourceTree = "<group>";
		};
		EB5E1EBA24BEDCF4008C77C2 /* View Controllers */ = {
			isa = PBXGroup;
			children = (
				EB5E1EA224BD8C85008C77C2 /* MainViewController.swift */,
				EB5E1EBB24BEDD2D008C77C2 /* ColorWheelViewController.swift */,
				EB5E1EBF24C1C650008C77C2 /* AdvertisementViewController.swift */,
				EB5EDB3224C316A1000A4419 /* BouquetsViewController.swift */,
				EB710E5624DBB2720061E7BC /* InfoViewController.swift */,
				EB710E5824DFBEFA0061E7BC /* ShowcaseViewController.swift */,
				EB617B03255BFB4400007009 /* NewInfoViewController.swift */,
				105EF87A2578AD9B00980CF8 /* AgreementViewController.swift */,
			);
			path = "View Controllers";
			sourceTree = "<group>";
		};
/* End PBXGroup section */

/* Begin PBXNativeTarget section */
		EB5E1E9A24BD8C85008C77C2 /* Flower Wheel */ = {
			isa = PBXNativeTarget;
			buildConfigurationList = EB5E1EAF24BD8C8D008C77C2 /* Build configuration list for PBXNativeTarget "Flower Wheel" */;
			buildPhases = (
				350F924F051045236F0C3740 /* [CP] Check Pods Manifest.lock */,
				EB5E1E9724BD8C85008C77C2 /* Sources */,
				EB5E1E9824BD8C85008C77C2 /* Frameworks */,
				EB5E1E9924BD8C85008C77C2 /* Resources */,
				31D6551B08891F06C3FDF10B /* [CP] Embed Pods Frameworks */,
			);
			buildRules = (
			);
			dependencies = (
			);
			name = "Flower Wheel";
			productName = "Flower Wheel";
			productReference = EB5E1E9B24BD8C85008C77C2 /* Flower Wheel.app */;
			productType = "com.apple.product-type.application";
		};
/* End PBXNativeTarget section */

/* Begin PBXProject section */
		EB5E1E9324BD8C85008C77C2 /* Project object */ = {
			isa = PBXProject;
			attributes = {
				LastSwiftUpdateCheck = 1150;
				LastUpgradeCheck = 1150;
				ORGANIZATIONNAME = "Svyatoslav Vladimirovich";
				TargetAttributes = {
					EB5E1E9A24BD8C85008C77C2 = {
						CreatedOnToolsVersion = 11.5;
					};
				};
			};
			buildConfigurationList = EB5E1E9624BD8C85008C77C2 /* Build configuration list for PBXProject "Flower Wheel" */;
			compatibilityVersion = "Xcode 9.3";
			developmentRegion = en;
			hasScannedForEncodings = 0;
			knownRegions = (
				en,
				Base,
			);
			mainGroup = EB5E1E9224BD8C85008C77C2;
			productRefGroup = EB5E1E9C24BD8C85008C77C2 /* Products */;
			projectDirPath = "";
			projectRoot = "";
			targets = (
				EB5E1E9A24BD8C85008C77C2 /* Flower Wheel */,
			);
		};
/* End PBXProject section */

/* Begin PBXResourcesBuildPhase section */
		EB5E1E9924BD8C85008C77C2 /* Resources */ = {
			isa = PBXResourcesBuildPhase;
			buildActionMask = 2147483647;
			files = (
				EB50BB9D24D0346800739909 /* BackgroundCell.xib in Resources */,
				10EB287A2561604800E52AFC /* FirstCell.xib in Resources */,
				EB5E1EAB24BD8C8D008C77C2 /* LaunchScreen.storyboard in Resources */,
				EB5E1EA824BD8C8D008C77C2 /* Assets.xcassets in Resources */,
				EB50BBA624D8067C00739909 /* AddImage.xib in Resources */,
				10EB2874255EE32000E52AFC /* MainInfoCell.xib in Resources */,
				EB5E1EA624BD8C85008C77C2 /* Main.storyboard in Resources */,
			);
			runOnlyForDeploymentPostprocessing = 0;
		};
/* End PBXResourcesBuildPhase section */

/* Begin PBXShellScriptBuildPhase section */
		31D6551B08891F06C3FDF10B /* [CP] Embed Pods Frameworks */ = {
			isa = PBXShellScriptBuildPhase;
			buildActionMask = 2147483647;
			files = (
			);
			inputFileListPaths = (
				"${PODS_ROOT}/Target Support Files/Pods-Flower Wheel/Pods-Flower Wheel-frameworks-${CONFIGURATION}-input-files.xcfilelist",
			);
			name = "[CP] Embed Pods Frameworks";
			outputFileListPaths = (
				"${PODS_ROOT}/Target Support Files/Pods-Flower Wheel/Pods-Flower Wheel-frameworks-${CONFIGURATION}-output-files.xcfilelist",
			);
			runOnlyForDeploymentPostprocessing = 0;
			shellPath = /bin/sh;
			shellScript = "\"${PODS_ROOT}/Target Support Files/Pods-Flower Wheel/Pods-Flower Wheel-frameworks.sh\"\n";
			showEnvVarsInLog = 0;
		};
		350F924F051045236F0C3740 /* [CP] Check Pods Manifest.lock */ = {
			isa = PBXShellScriptBuildPhase;
			buildActionMask = 2147483647;
			files = (
			);
			inputFileListPaths = (
			);
			inputPaths = (
				"${PODS_PODFILE_DIR_PATH}/Podfile.lock",
				"${PODS_ROOT}/Manifest.lock",
			);
			name = "[CP] Check Pods Manifest.lock";
			outputFileListPaths = (
			);
			outputPaths = (
				"$(DERIVED_FILE_DIR)/Pods-Flower Wheel-checkManifestLockResult.txt",
			);
			runOnlyForDeploymentPostprocessing = 0;
			shellPath = /bin/sh;
			shellScript = "diff \"${PODS_PODFILE_DIR_PATH}/Podfile.lock\" \"${PODS_ROOT}/Manifest.lock\" > /dev/null\nif [ $? != 0 ] ; then\n    # print error to STDERR\n    echo \"error: The sandbox is not in sync with the Podfile.lock. Run 'pod install' or update your CocoaPods installation.\" >&2\n    exit 1\nfi\n# This output is used by Xcode 'outputs' to avoid re-running this script phase.\necho \"SUCCESS\" > \"${SCRIPT_OUTPUT_FILE_0}\"\n";
			showEnvVarsInLog = 0;
		};
/* End PBXShellScriptBuildPhase section */

/* Begin PBXSourcesBuildPhase section */
		EB5E1E9724BD8C85008C77C2 /* Sources */ = {
			isa = PBXSourcesBuildPhase;
			buildActionMask = 2147483647;
			files = (
				EB5E1EBC24BEDD2D008C77C2 /* ColorWheelViewController.swift in Sources */,
				EB710E5724DBB2720061E7BC /* InfoViewController.swift in Sources */,
				10EB2873255EE32000E52AFC /* MainInfoCell.swift in Sources */,
				EB50BBA524D8067C00739909 /* AddImage.swift in Sources */,
				EB5E1EA324BD8C85008C77C2 /* MainViewController.swift in Sources */,
				EB617B04255BFB4400007009 /* NewInfoViewController.swift in Sources */,
				EB5EDB3324C316A1000A4419 /* BouquetsViewController.swift in Sources */,
				EB50BB9F24D530B500739909 /* Extensions.swift in Sources */,
				EB50BB9C24D0346800739909 /* BackgroundCell.swift in Sources */,
				EB710E5924DFBEFA0061E7BC /* ShowcaseViewController.swift in Sources */,
				EB5E1E9F24BD8C85008C77C2 /* AppDelegate.swift in Sources */,
				EB5E1EA124BD8C85008C77C2 /* SceneDelegate.swift in Sources */,
				EB5E1EC024C1C650008C77C2 /* AdvertisementViewController.swift in Sources */,
				EB50BBA224D54EB500739909 /* DataModel.swift in Sources */,
				10EB28792561604800E52AFC /* FirstCell.swift in Sources */,
				105EF87B2578AD9B00980CF8 /* AgreementViewController.swift in Sources */,
			);
			runOnlyForDeploymentPostprocessing = 0;
		};
/* End PBXSourcesBuildPhase section */

/* Begin PBXVariantGroup section */
		EB5E1EA424BD8C85008C77C2 /* Main.storyboard */ = {
			isa = PBXVariantGroup;
			children = (
				EB5E1EA524BD8C85008C77C2 /* Base */,
			);
			name = Main.storyboard;
			sourceTree = "<group>";
		};
		EB5E1EA924BD8C8D008C77C2 /* LaunchScreen.storyboard */ = {
			isa = PBXVariantGroup;
			children = (
				EB5E1EAA24BD8C8D008C77C2 /* Base */,
			);
			name = LaunchScreen.storyboard;
			sourceTree = "<group>";
		};
/* End PBXVariantGroup section */

/* Begin XCBuildConfiguration section */
		EB5E1EAD24BD8C8D008C77C2 /* Debug */ = {
			isa = XCBuildConfiguration;
			buildSettings = {
				ALWAYS_SEARCH_USER_PATHS = NO;
				CLANG_ANALYZER_NONNULL = YES;
				CLANG_ANALYZER_NUMBER_OBJECT_CONVERSION = YES_AGGRESSIVE;
				CLANG_CXX_LANGUAGE_STANDARD = "gnu++14";
				CLANG_CXX_LIBRARY = "libc++";
				CLANG_ENABLE_MODULES = YES;
				CLANG_ENABLE_OBJC_ARC = YES;
				CLANG_ENABLE_OBJC_WEAK = YES;
				CLANG_WARN_BLOCK_CAPTURE_AUTORELEASING = YES;
				CLANG_WARN_BOOL_CONVERSION = YES;
				CLANG_WARN_COMMA = YES;
				CLANG_WARN_CONSTANT_CONVERSION = YES;
				CLANG_WARN_DEPRECATED_OBJC_IMPLEMENTATIONS = YES;
				CLANG_WARN_DIRECT_OBJC_ISA_USAGE = YES_ERROR;
				CLANG_WARN_DOCUMENTATION_COMMENTS = YES;
				CLANG_WARN_EMPTY_BODY = YES;
				CLANG_WARN_ENUM_CONVERSION = YES;
				CLANG_WARN_INFINITE_RECURSION = YES;
				CLANG_WARN_INT_CONVERSION = YES;
				CLANG_WARN_NON_LITERAL_NULL_CONVERSION = YES;
				CLANG_WARN_OBJC_IMPLICIT_RETAIN_SELF = YES;
				CLANG_WARN_OBJC_LITERAL_CONVERSION = YES;
				CLANG_WARN_OBJC_ROOT_CLASS = YES_ERROR;
				CLANG_WARN_RANGE_LOOP_ANALYSIS = YES;
				CLANG_WARN_STRICT_PROTOTYPES = YES;
				CLANG_WARN_SUSPICIOUS_MOVE = YES;
				CLANG_WARN_UNGUARDED_AVAILABILITY = YES_AGGRESSIVE;
				CLANG_WARN_UNREACHABLE_CODE = YES;
				CLANG_WARN__DUPLICATE_METHOD_MATCH = YES;
				COPY_PHASE_STRIP = NO;
				DEBUG_INFORMATION_FORMAT = dwarf;
				ENABLE_STRICT_OBJC_MSGSEND = YES;
				ENABLE_TESTABILITY = YES;
				GCC_C_LANGUAGE_STANDARD = gnu11;
				GCC_DYNAMIC_NO_PIC = NO;
				GCC_NO_COMMON_BLOCKS = YES;
				GCC_OPTIMIZATION_LEVEL = 0;
				GCC_PREPROCESSOR_DEFINITIONS = (
					"DEBUG=1",
					"$(inherited)",
				);
				GCC_WARN_64_TO_32_BIT_CONVERSION = YES;
				GCC_WARN_ABOUT_RETURN_TYPE = YES_ERROR;
				GCC_WARN_UNDECLARED_SELECTOR = YES;
				GCC_WARN_UNINITIALIZED_AUTOS = YES_AGGRESSIVE;
				GCC_WARN_UNUSED_FUNCTION = YES;
				GCC_WARN_UNUSED_VARIABLE = YES;
				IPHONEOS_DEPLOYMENT_TARGET = 13.5;
				MTL_ENABLE_DEBUG_INFO = INCLUDE_SOURCE;
				MTL_FAST_MATH = YES;
				ONLY_ACTIVE_ARCH = YES;
				SDKROOT = iphoneos;
				SWIFT_ACTIVE_COMPILATION_CONDITIONS = DEBUG;
				SWIFT_OPTIMIZATION_LEVEL = "-Onone";
			};
			name = Debug;
		};
		EB5E1EAE24BD8C8D008C77C2 /* Release */ = {
			isa = XCBuildConfiguration;
			buildSettings = {
				ALWAYS_SEARCH_USER_PATHS = NO;
				CLANG_ANALYZER_NONNULL = YES;
				CLANG_ANALYZER_NUMBER_OBJECT_CONVERSION = YES_AGGRESSIVE;
				CLANG_CXX_LANGUAGE_STANDARD = "gnu++14";
				CLANG_CXX_LIBRARY = "libc++";
				CLANG_ENABLE_MODULES = YES;
				CLANG_ENABLE_OBJC_ARC = YES;
				CLANG_ENABLE_OBJC_WEAK = YES;
				CLANG_WARN_BLOCK_CAPTURE_AUTORELEASING = YES;
				CLANG_WARN_BOOL_CONVERSION = YES;
				CLANG_WARN_COMMA = YES;
				CLANG_WARN_CONSTANT_CONVERSION = YES;
				CLANG_WARN_DEPRECATED_OBJC_IMPLEMENTATIONS = YES;
				CLANG_WARN_DIRECT_OBJC_ISA_USAGE = YES_ERROR;
				CLANG_WARN_DOCUMENTATION_COMMENTS = YES;
				CLANG_WARN_EMPTY_BODY = YES;
				CLANG_WARN_ENUM_CONVERSION = YES;
				CLANG_WARN_INFINITE_RECURSION = YES;
				CLANG_WARN_INT_CONVERSION = YES;
				CLANG_WARN_NON_LITERAL_NULL_CONVERSION = YES;
				CLANG_WARN_OBJC_IMPLICIT_RETAIN_SELF = YES;
				CLANG_WARN_OBJC_LITERAL_CONVERSION = YES;
				CLANG_WARN_OBJC_ROOT_CLASS = YES_ERROR;
				CLANG_WARN_RANGE_LOOP_ANALYSIS = YES;
				CLANG_WARN_STRICT_PROTOTYPES = YES;
				CLANG_WARN_SUSPICIOUS_MOVE = YES;
				CLANG_WARN_UNGUARDED_AVAILABILITY = YES_AGGRESSIVE;
				CLANG_WARN_UNREACHABLE_CODE = YES;
				CLANG_WARN__DUPLICATE_METHOD_MATCH = YES;
				COPY_PHASE_STRIP = NO;
				DEBUG_INFORMATION_FORMAT = "dwarf-with-dsym";
				ENABLE_NS_ASSERTIONS = NO;
				ENABLE_STRICT_OBJC_MSGSEND = YES;
				GCC_C_LANGUAGE_STANDARD = gnu11;
				GCC_NO_COMMON_BLOCKS = YES;
				GCC_WARN_64_TO_32_BIT_CONVERSION = YES;
				GCC_WARN_ABOUT_RETURN_TYPE = YES_ERROR;
				GCC_WARN_UNDECLARED_SELECTOR = YES;
				GCC_WARN_UNINITIALIZED_AUTOS = YES_AGGRESSIVE;
				GCC_WARN_UNUSED_FUNCTION = YES;
				GCC_WARN_UNUSED_VARIABLE = YES;
				IPHONEOS_DEPLOYMENT_TARGET = 13.5;
				MTL_ENABLE_DEBUG_INFO = NO;
				MTL_FAST_MATH = YES;
				SDKROOT = iphoneos;
				SWIFT_COMPILATION_MODE = wholemodule;
				SWIFT_OPTIMIZATION_LEVEL = "-O";
				VALIDATE_PRODUCT = YES;
			};
			name = Release;
		};
		EB5E1EB024BD8C8D008C77C2 /* Debug */ = {
			isa = XCBuildConfiguration;
			baseConfigurationReference = 79463AD946FFFF7CCC1D20DC /* Pods-Flower Wheel.debug.xcconfig */;
			buildSettings = {
				ASSETCATALOG_COMPILER_APPICON_NAME = AppIcon;
				CODE_SIGN_IDENTITY = "Apple Development";
				CODE_SIGN_STYLE = Automatic;
				CURRENT_PROJECT_VERSION = 0;
				DEVELOPMENT_TEAM = BZVLQJFA2K;
				INFOPLIST_FILE = "Flower Wheel/Info.plist";
				IPHONEOS_DEPLOYMENT_TARGET = 11.0;
				LD_RUNPATH_SEARCH_PATHS = (
					"$(inherited)",
					"@executable_path/Frameworks",
				);
				MARKETING_VERSION = 1.7;
				PRODUCT_BUNDLE_IDENTIFIER = flowerwheel.softweather;
				PRODUCT_NAME = "$(TARGET_NAME)";
				PROVISIONING_PROFILE_SPECIFIER = "";
				SWIFT_VERSION = 5.0;
				TARGETED_DEVICE_FAMILY = 1;
			};
			name = Debug;
		};
		EB5E1EB124BD8C8D008C77C2 /* Release */ = {
			isa = XCBuildConfiguration;
			baseConfigurationReference = 25061C7EF0C412C3373CFB48 /* Pods-Flower Wheel.release.xcconfig */;
			buildSettings = {
				ASSETCATALOG_COMPILER_APPICON_NAME = AppIcon;
				CODE_SIGN_IDENTITY = "Apple Development";
				CODE_SIGN_STYLE = Automatic;
				CURRENT_PROJECT_VERSION = 0;
				DEVELOPMENT_TEAM = BZVLQJFA2K;
				INFOPLIST_FILE = "Flower Wheel/Info.plist";
				IPHONEOS_DEPLOYMENT_TARGET = 11.0;
				LD_RUNPATH_SEARCH_PATHS = (
					"$(inherited)",
					"@executable_path/Frameworks",
				);
				MARKETING_VERSION = 1.7;
				PRODUCT_BUNDLE_IDENTIFIER = flowerwheel.softweather;
				PRODUCT_NAME = "$(TARGET_NAME)";
				PROVISIONING_PROFILE_SPECIFIER = "";
				SWIFT_VERSION = 5.0;
				TARGETED_DEVICE_FAMILY = 1;
			};
			name = Release;
		};
/* End XCBuildConfiguration section */

/* Begin XCConfigurationList section */
		EB5E1E9624BD8C85008C77C2 /* Build configuration list for PBXProject "Flower Wheel" */ = {
			isa = XCConfigurationList;
			buildConfigurations = (
				EB5E1EAD24BD8C8D008C77C2 /* Debug */,
				EB5E1EAE24BD8C8D008C77C2 /* Release */,
			);
			defaultConfigurationIsVisible = 0;
			defaultConfigurationName = Release;
		};
		EB5E1EAF24BD8C8D008C77C2 /* Build configuration list for PBXNativeTarget "Flower Wheel" */ = {
			isa = XCConfigurationList;
			buildConfigurations = (
				EB5E1EB024BD8C8D008C77C2 /* Debug */,
				EB5E1EB124BD8C8D008C77C2 /* Release */,
			);
			defaultConfigurationIsVisible = 0;
			defaultConfigurationName = Release;
		};
/* End XCConfigurationList section */
	};
	rootObject = EB5E1E9324BD8C85008C77C2 /* Project object */;
}
